# THIS IS AN AUTOGENERATED FILE. DO NOT EDIT THIS FILE DIRECTLY.
# yarn lockfile v1


dotenv@^8.2.0:
  version "8.2.0"
  resolved "https://registry.yarnpkg.com/dotenv/-/dotenv-8.2.0.tgz#97e619259ada750eea3e4ea3e26bceea5424b16a"
  integrity sha512-8sJ78ElpbDJBHNeBzUbUVLsqKdccaa/BXF1uPTw3GrvQTBgrQrtObr2mUrE38vzYd8cEv+m/JBfDLioYcfXoaw==

local-storage@^2.0.0:
  version "2.0.0"
  resolved "https://registry.yarnpkg.com/local-storage/-/local-storage-2.0.0.tgz#748b7d041b197f46f3ec7393640851c175b64db8"
  integrity sha512-/0sRoeijw7yr/igbVVygDuq6dlYCmtsuTmmpnweVlVtl/s10pf5BCq8LWBxW/AMyFJ3MhMUuggMZiYlx6qr9tw==

node-fetch@^2.6.1:
  version "2.6.1"
  resolved "https://registry.yarnpkg.com/node-fetch/-/node-fetch-2.6.1.tgz#045bd323631f76ed2e2b55573394416b639a0052"
  integrity sha512-V4aYg89jEoVRxRb2fJdAg8FHvI7cEyYdVAh94HH0UIK8oJxUfkjlDQN9RbMx+bEjP7+ggMiFRprSti032Oipxw==

react-use-localstorage@^3.5.3:
  version "3.5.3"
  resolved "https://registry.yarnpkg.com/react-use-localstorage/-/react-use-localstorage-3.5.3.tgz#c4bcc097859a2d2879e969f0a57b16345905df82"
  integrity sha512-1oNvJmo72G4v5P9ytJZZTb6ywD3UzWBiainTtfbNlb+U08hc+SOD5HqgiLTKUF0MxGcIR9JSnZGmBttNLXaQYA==
